// !$*UTF8*$!
{
	archiveVersion = 1;
	classes = {
	};
	objectVersion = 50;
	objects = {

/* Begin PBXBuildFile section */
		64E3DE072326306000CAC9AE /* generalTools.swift in Sources */ = {isa = PBXBuildFile; fileRef = 64E3DE062326306000CAC9AE /* generalTools.swift */; };
		64E3DE092326342900CAC9AE /* characters.swift in Sources */ = {isa = PBXBuildFile; fileRef = 64E3DE082326342900CAC9AE /* characters.swift */; };
		64E3DE0B2326371E00CAC9AE /* newCharTools.swift in Sources */ = {isa = PBXBuildFile; fileRef = 64E3DE0A2326371E00CAC9AE /* newCharTools.swift */; };
		64E3DE0F232656FB00CAC9AE /* commands.swift in Sources */ = {isa = PBXBuildFile; fileRef = 64E3DE0E232656FB00CAC9AE /* commands.swift */; };
		64E3DE112326974800CAC9AE /* charCommands.swift in Sources */ = {isa = PBXBuildFile; fileRef = 64E3DE102326974800CAC9AE /* charCommands.swift */; };
		64F08344231F7B57003E3D27 /* main.swift in Sources */ = {isa = PBXBuildFile; fileRef = 64F08343231F7B57003E3D27 /* main.swift */; };
/* End PBXBuildFile section */

/* Begin PBXCopyFilesBuildPhase section */
		64F0833E231F7B57003E3D27 /* CopyFiles */ = {
			isa = PBXCopyFilesBuildPhase;
			buildActionMask = 2147483647;
			dstPath = /usr/share/man/man1/;
			dstSubfolderSpec = 0;
			files = (
			);
			runOnlyForDeploymentPostprocessing = 1;
		};
/* End PBXCopyFilesBuildPhase section */

/* Begin PBXFileReference section */
		64C5CA8E2327F7FA0034EB1F /* notes.swift */ = {isa = PBXFileReference; lastKnownFileType = sourcecode.swift; path = notes.swift; sourceTree = "<group>"; };
		64E3DE062326306000CAC9AE /* generalTools.swift */ = {isa = PBXFileReference; lastKnownFileType = sourcecode.swift; path = generalTools.swift; sourceTree = "<group>"; };
		64E3DE082326342900CAC9AE /* characters.swift */ = {isa = PBXFileReference; lastKnownFileType = sourcecode.swift; path = characters.swift; sourceTree = "<group>"; };
		64E3DE0A2326371E00CAC9AE /* newCharTools.swift */ = {isa = PBXFileReference; lastKnownFileType = sourcecode.swift; path = newCharTools.swift; sourceTree = "<group>"; };
		64E3DE0E232656FB00CAC9AE /* commands.swift */ = {isa = PBXFileReference; lastKnownFileType = sourcecode.swift; path = commands.swift; sourceTree = "<group>"; };
		64E3DE102326974800CAC9AE /* charCommands.swift */ = {isa = PBXFileReference; lastKnownFileType = sourcecode.swift; path = charCommands.swift; sourceTree = "<group>"; };
		64F08340231F7B57003E3D27 /* DnDRollForInitiative */ = {isa = PBXFileReference; explicitFileType = "compiled.mach-o.executable"; includeInIndex = 0; path = DnDRollForInitiative; sourceTree = BUILT_PRODUCTS_DIR; };
		64F08343231F7B57003E3D27 /* main.swift */ = {isa = PBXFileReference; lastKnownFileType = sourcecode.swift; path = main.swift; sourceTree = "<group>"; };
/* End PBXFileReference section */

/* Begin PBXFrameworksBuildPhase section */
		64F0833D231F7B57003E3D27 /* Frameworks */ = {
			isa = PBXFrameworksBuildPhase;
			buildActionMask = 2147483647;
			files = (
			);
			runOnlyForDeploymentPostprocessing = 0;
		};
/* End PBXFrameworksBuildPhase section */

/* Begin PBXGroup section */
		64F08337231F7B57003E3D27 = {
			isa = PBXGroup;
			children = (
				64F08342231F7B57003E3D27 /* DnDRollForInitiative */,
				64F08341231F7B57003E3D27 /* Products */,
			);
			sourceTree = "<group>";
		};
		64F08341231F7B57003E3D27 /* Products */ = {
			isa = PBXGroup;
			children = (
				64F08340231F7B57003E3D27 /* DnDRollForInitiative */,
			);
			name = Products;
			sourceTree = "<group>";
		};
		64F08342231F7B57003E3D27 /* DnDRollForInitiative */ = {
			isa = PBXGroup;
			children = (
				64F08343231F7B57003E3D27 /* main.swift */,
				64E3DE082326342900CAC9AE /* characters.swift */,
				64E3DE0E232656FB00CAC9AE /* commands.swift */,
				64E3DE062326306000CAC9AE /* generalTools.swift */,
				64E3DE0A2326371E00CAC9AE /* newCharTools.swift */,
				64E3DE102326974800CAC9AE /* charCommands.swift */,
				64C5CA8E2327F7FA0034EB1F /* notes.swift */,
			);
			path = DnDRollForInitiative;
			sourceTree = "<group>";
		};
/* End PBXGroup section */

/* Begin PBXNativeTarget section */
		64F0833F231F7B57003E3D27 /* DnDRollForInitiative */ = {
			isa = PBXNativeTarget;
			buildConfigurationList = 64F08347231F7B57003E3D27 /* Build configuration list for PBXNativeTarget "DnDRollForInitiative" */;
			buildPhases = (
				64F0833C231F7B57003E3D27 /* Sources */,
				64F0833D231F7B57003E3D27 /* Frameworks */,
				64F0833E231F7B57003E3D27 /* CopyFiles */,
			);
			buildRules = (
			);
			dependencies = (
			);
			name = DnDRollForInitiative;
			productName = DnDRollForInitiative;
			productReference = 64F08340231F7B57003E3D27 /* DnDRollForInitiative */;
			productType = "com.apple.product-type.tool";
		};
/* End PBXNativeTarget section */

/* Begin PBXProject section */
		64F08338231F7B57003E3D27 /* Project object */ = {
			isa = PBXProject;
			attributes = {
				LastSwiftUpdateCheck = 1020;
				LastUpgradeCheck = 1020;
				ORGANIZATIONNAME = "Keith Lee";
				TargetAttributes = {
					64F0833F231F7B57003E3D27 = {
						CreatedOnToolsVersion = 10.2.1;
					};
				};
			};
			buildConfigurationList = 64F0833B231F7B57003E3D27 /* Build configuration list for PBXProject "DnDRollForInitiative" */;
			compatibilityVersion = "Xcode 9.3";
			developmentRegion = en;
			hasScannedForEncodings = 0;
			knownRegions = (
				en,
				Base,
			);
			mainGroup = 64F08337231F7B57003E3D27;
			productRefGroup = 64F08341231F7B57003E3D27 /* Products */;
			projectDirPath = "";
			projectRoot = "";
			targets = (
				64F0833F231F7B57003E3D27 /* DnDRollForInitiative */,
			);
		};
/* End PBXProject section */

/* Begin PBXSourcesBuildPhase section */
		64F0833C231F7B57003E3D27 /* Sources */ = {
			isa = PBXSourcesBuildPhase;
			buildActionMask = 2147483647;
			files = (
				64E3DE112326974800CAC9AE /* charCommands.swift in Sources */,
				64F08344231F7B57003E3D27 /* main.swift in Sources */,
				64E3DE072326306000CAC9AE /* generalTools.swift in Sources */,
				64E3DE0F232656FB00CAC9AE /* commands.swift in Sources */,
				64E3DE0B2326371E00CAC9AE /* newCharTools.swift in Sources */,
				64E3DE092326342900CAC9AE /* characters.swift in Sources */,
			);
			runOnlyForDeploymentPostprocessing = 0;
		};
/* End PBXSourcesBuildPhase section */

/* Begin XCBuildConfiguration section */
		64F08345231F7B57003E3D27 /* Debug */ = {
			isa = XCBuildConfiguration;
			buildSettings = {
				ALWAYS_SEARCH_USER_PATHS = NO;
				CLANG_ANALYZER_NONNULL = YES;
				CLANG_ANALYZER_NUMBER_OBJECT_CONVERSION = YES_AGGRESSIVE;
				CLANG_CXX_LANGUAGE_STANDARD = "gnu++14";
				CLANG_CXX_LIBRARY = "libc++";
				CLANG_ENABLE_MODULES = YES;
				CLANG_ENABLE_OBJC_ARC = YES;
				CLANG_ENABLE_OBJC_WEAK = YES;
				CLANG_WARN_BLOCK_CAPTURE_AUTORELEASING = YES;
				CLANG_WARN_BOOL_CONVERSION = YES;
				CLANG_WARN_COMMA = YES;
				CLANG_WARN_CONSTANT_CONVERSION = YES;
				CLANG_WARN_DEPRECATED_OBJC_IMPLEMENTATIONS = YES;
				CLANG_WARN_DIRECT_OBJC_ISA_USAGE = YES_ERROR;
				CLANG_WARN_DOCUMENTATION_COMMENTS = YES;
				CLANG_WARN_EMPTY_BODY = YES;
				CLANG_WARN_ENUM_CONVERSION = YES;
				CLANG_WARN_INFINITE_RECURSION = YES;
				CLANG_WARN_INT_CONVERSION = YES;
				CLANG_WARN_NON_LITERAL_NULL_CONVERSION = YES;
				CLANG_WARN_OBJC_IMPLICIT_RETAIN_SELF = YES;
				CLANG_WARN_OBJC_LITERAL_CONVERSION = YES;
				CLANG_WARN_OBJC_ROOT_CLASS = YES_ERROR;
				CLANG_WARN_RANGE_LOOP_ANALYSIS = YES;
				CLANG_WARN_STRICT_PROTOTYPES = YES;
				CLANG_WARN_SUSPICIOUS_MOVE = YES;
				CLANG_WARN_UNGUARDED_AVAILABILITY = YES_AGGRESSIVE;
				CLANG_WARN_UNREACHABLE_CODE = YES;
				CLANG_WARN__DUPLICATE_METHOD_MATCH = YES;
				CODE_SIGN_IDENTITY = "Mac Developer";
				COPY_PHASE_STRIP = NO;
				DEBUG_INFORMATION_FORMAT = dwarf;
				ENABLE_STRICT_OBJC_MSGSEND = YES;
				ENABLE_TESTABILITY = YES;
				GCC_C_LANGUAGE_STANDARD = gnu11;
				GCC_DYNAMIC_NO_PIC = NO;
				GCC_NO_COMMON_BLOCKS = YES;
				GCC_OPTIMIZATION_LEVEL = 0;
				GCC_PREPROCESSOR_DEFINITIONS = (
					"DEBUG=1",
					"$(inherited)",
				);
				GCC_WARN_64_TO_32_BIT_CONVERSION = YES;
				GCC_WARN_ABOUT_RETURN_TYPE = YES_ERROR;
				GCC_WARN_UNDECLARED_SELECTOR = YES;
				GCC_WARN_UNINITIALIZED_AUTOS = YES_AGGRESSIVE;
				GCC_WARN_UNUSED_FUNCTION = YES;
				GCC_WARN_UNUSED_VARIABLE = YES;
				MACOSX_DEPLOYMENT_TARGET = 10.14;
				MTL_ENABLE_DEBUG_INFO = INCLUDE_SOURCE;
				MTL_FAST_MATH = YES;
				ONLY_ACTIVE_ARCH = YES;
				SDKROOT = macosx;
				SWIFT_ACTIVE_COMPILATION_CONDITIONS = DEBUG;
				SWIFT_OPTIMIZATION_LEVEL = "-Onone";
			};
			name = Debug;
		};
		64F08346231F7B57003E3D27 /* Release */ = {
			isa = XCBuildConfiguration;
			buildSettings = {
				ALWAYS_SEARCH_USER_PATHS = NO;
				CLANG_ANALYZER_NONNULL = YES;
				CLANG_ANALYZER_NUMBER_OBJECT_CONVERSION = YES_AGGRESSIVE;
				CLANG_CXX_LANGUAGE_STANDARD = "gnu++14";
				CLANG_CXX_LIBRARY = "libc++";
				CLANG_ENABLE_MODULES = YES;
				CLANG_ENABLE_OBJC_ARC = YES;
				CLANG_ENABLE_OBJC_WEAK = YES;
				CLANG_WARN_BLOCK_CAPTURE_AUTORELEASING = YES;
				CLANG_WARN_BOOL_CONVERSION = YES;
				CLANG_WARN_COMMA = YES;
				CLANG_WARN_CONSTANT_CONVERSION = YES;
				CLANG_WARN_DEPRECATED_OBJC_IMPLEMENTATIONS = YES;
				CLANG_WARN_DIRECT_OBJC_ISA_USAGE = YES_ERROR;
				CLANG_WARN_DOCUMENTATION_COMMENTS = YES;
				CLANG_WARN_EMPTY_BODY = YES;
				CLANG_WARN_ENUM_CONVERSION = YES;
				CLANG_WARN_INFINITE_RECURSION = YES;
				CLANG_WARN_INT_CONVERSION = YES;
				CLANG_WARN_NON_LITERAL_NULL_CONVERSION = YES;
				CLANG_WARN_OBJC_IMPLICIT_RETAIN_SELF = YES;
				CLANG_WARN_OBJC_LITERAL_CONVERSION = YES;
				CLANG_WARN_OBJC_ROOT_CLASS = YES_ERROR;
				CLANG_WARN_RANGE_LOOP_ANALYSIS = YES;
				CLANG_WARN_STRICT_PROTOTYPES = YES;
				CLANG_WARN_SUSPICIOUS_MOVE = YES;
				CLANG_WARN_UNGUARDED_AVAILABILITY = YES_AGGRESSIVE;
				CLANG_WARN_UNREACHABLE_CODE = YES;
				CLANG_WARN__DUPLICATE_METHOD_MATCH = YES;
				CODE_SIGN_IDENTITY = "Mac Developer";
				COPY_PHASE_STRIP = NO;
				DEBUG_INFORMATION_FORMAT = "dwarf-with-dsym";
				ENABLE_NS_ASSERTIONS = NO;
				ENABLE_STRICT_OBJC_MSGSEND = YES;
				GCC_C_LANGUAGE_STANDARD = gnu11;
				GCC_NO_COMMON_BLOCKS = YES;
				GCC_WARN_64_TO_32_BIT_CONVERSION = YES;
				GCC_WARN_ABOUT_RETURN_TYPE = YES_ERROR;
				GCC_WARN_UNDECLARED_SELECTOR = YES;
				GCC_WARN_UNINITIALIZED_AUTOS = YES_AGGRESSIVE;
				GCC_WARN_UNUSED_FUNCTION = YES;
				GCC_WARN_UNUSED_VARIABLE = YES;
				MACOSX_DEPLOYMENT_TARGET = 10.14;
				MTL_ENABLE_DEBUG_INFO = NO;
				MTL_FAST_MATH = YES;
				SDKROOT = macosx;
				SWIFT_COMPILATION_MODE = wholemodule;
				SWIFT_OPTIMIZATION_LEVEL = "-O";
			};
			name = Release;
		};
		64F08348231F7B57003E3D27 /* Debug */ = {
			isa = XCBuildConfiguration;
			buildSettings = {
				CODE_SIGN_STYLE = Automatic;
				DEVELOPMENT_TEAM = UK6M8ZDXSG;
				PRODUCT_NAME = "$(TARGET_NAME)";
				SWIFT_VERSION = 5.0;
			};
			name = Debug;
		};
		64F08349231F7B57003E3D27 /* Release */ = {
			isa = XCBuildConfiguration;
			buildSettings = {
				CODE_SIGN_STYLE = Automatic;
				DEVELOPMENT_TEAM = UK6M8ZDXSG;
				PRODUCT_NAME = "$(TARGET_NAME)";
				SWIFT_VERSION = 5.0;
			};
			name = Release;
		};
/* End XCBuildConfiguration section */

/* Begin XCConfigurationList section */
		64F0833B231F7B57003E3D27 /* Build configuration list for PBXProject "DnDRollForInitiative" */ = {
			isa = XCConfigurationList;
			buildConfigurations = (
				64F08345231F7B57003E3D27 /* Debug */,
				64F08346231F7B57003E3D27 /* Release */,
			);
			defaultConfigurationIsVisible = 0;
			defaultConfigurationName = Release;
		};
		64F08347231F7B57003E3D27 /* Build configuration list for PBXNativeTarget "DnDRollForInitiative" */ = {
			isa = XCConfigurationList;
			buildConfigurations = (
				64F08348231F7B57003E3D27 /* Debug */,
				64F08349231F7B57003E3D27 /* Release */,
			);
			defaultConfigurationIsVisible = 0;
			defaultConfigurationName = Release;
		};
/* End XCConfigurationList section */
	};
	rootObject = 64F08338231F7B57003E3D27 /* Project object */;
}
